// !$*UTF8*$!
{
	archiveVersion = 1;
	classes = {
	};
	objectVersion = 50;
	objects = {

/* Begin PBXBuildFile section */
		17B52F1F26622CD900F46F04 /* AppDelegate.swift in Sources */ = {isa = PBXBuildFile; fileRef = 17B52F1E26622CD900F46F04 /* AppDelegate.swift */; };
		17B52F2126622CD900F46F04 /* SceneDelegate.swift in Sources */ = {isa = PBXBuildFile; fileRef = 17B52F2026622CD900F46F04 /* SceneDelegate.swift */; };
		17B52F2326622CD900F46F04 /* ViewController.swift in Sources */ = {isa = PBXBuildFile; fileRef = 17B52F2226622CD900F46F04 /* ViewController.swift */; };
		17B52F2626622CD900F46F04 /* Main.storyboard in Resources */ = {isa = PBXBuildFile; fileRef = 17B52F2426622CD900F46F04 /* Main.storyboard */; };
		17B52F2926622CD900F46F04 /* CoreDataFeatures_More.xcdatamodeld in Sources */ = {isa = PBXBuildFile; fileRef = 17B52F2726622CD900F46F04 /* CoreDataFeatures_More.xcdatamodeld */; };
		17B52F2B26622CDB00F46F04 /* Assets.xcassets in Resources */ = {isa = PBXBuildFile; fileRef = 17B52F2A26622CDB00F46F04 /* Assets.xcassets */; };
		17B52F2E26622CDB00F46F04 /* LaunchScreen.storyboard in Resources */ = {isa = PBXBuildFile; fileRef = 17B52F2C26622CDB00F46F04 /* LaunchScreen.storyboard */; };
		17B52F392662352E00F46F04 /* CollegeListViewController.swift in Sources */ = {isa = PBXBuildFile; fileRef = 17B52F382662352E00F46F04 /* CollegeListViewController.swift */; };
		17B52F3D2662356600F46F04 /* AddCollegeViewController.swift in Sources */ = {isa = PBXBuildFile; fileRef = 17B52F3C2662356600F46F04 /* AddCollegeViewController.swift */; };
		17B52F40266235F600F46F04 /* CollegeTableViewCell.swift in Sources */ = {isa = PBXBuildFile; fileRef = 17B52F3F266235F600F46F04 /* CollegeTableViewCell.swift */; };
		17B52F452662370800F46F04 /* DataBaseHelper.swift in Sources */ = {isa = PBXBuildFile; fileRef = 17B52F442662370800F46F04 /* DataBaseHelper.swift */; };
		17B52F4E26626DB400F46F04 /* CollegeDetailViewController.swift in Sources */ = {isa = PBXBuildFile; fileRef = 17B52F4D26626DB400F46F04 /* CollegeDetailViewController.swift */; };
		17B52F5226626DF800F46F04 /* College.storyboard in Resources */ = {isa = PBXBuildFile; fileRef = 17B52F5026626DF800F46F04 /* College.storyboard */; };
		17B52F5D2662842100F46F04 /* StudentListViewController.swift in Sources */ = {isa = PBXBuildFile; fileRef = 17B52F5C2662842100F46F04 /* StudentListViewController.swift */; };
		17B52F642662845B00F46F04 /* StudentListViewCell.swift in Sources */ = {isa = PBXBuildFile; fileRef = 17B52F632662845B00F46F04 /* StudentListViewCell.swift */; };
		17B52F682663718200F46F04 /* Student.storyboard in Resources */ = {isa = PBXBuildFile; fileRef = 17B52F662663718200F46F04 /* Student.storyboard */; };
		17B52F6D2663725300F46F04 /* AddStudentViewController.swift in Sources */ = {isa = PBXBuildFile; fileRef = 17B52F6C2663725300F46F04 /* AddStudentViewController.swift */; };
/* End PBXBuildFile section */

/* Begin PBXFileReference section */
		17B52F1B26622CD900F46F04 /* CoreDataFeatures-More.app */ = {isa = PBXFileReference; explicitFileType = wrapper.application; includeInIndex = 0; path = "CoreDataFeatures-More.app"; sourceTree = BUILT_PRODUCTS_DIR; };
		17B52F1E26622CD900F46F04 /* AppDelegate.swift */ = {isa = PBXFileReference; lastKnownFileType = sourcecode.swift; path = AppDelegate.swift; sourceTree = "<group>"; };
		17B52F2026622CD900F46F04 /* SceneDelegate.swift */ = {isa = PBXFileReference; lastKnownFileType = sourcecode.swift; path = SceneDelegate.swift; sourceTree = "<group>"; };
		17B52F2226622CD900F46F04 /* ViewController.swift */ = {isa = PBXFileReference; lastKnownFileType = sourcecode.swift; path = ViewController.swift; sourceTree = "<group>"; };
		17B52F2526622CD900F46F04 /* Base */ = {isa = PBXFileReference; lastKnownFileType = file.storyboard; name = Base; path = Base.lproj/Main.storyboard; sourceTree = "<group>"; };
		17B52F2826622CD900F46F04 /* CoreDataFeatures_More.xcdatamodel */ = {isa = PBXFileReference; lastKnownFileType = wrapper.xcdatamodel; path = CoreDataFeatures_More.xcdatamodel; sourceTree = "<group>"; };
		17B52F2A26622CDB00F46F04 /* Assets.xcassets */ = {isa = PBXFileReference; lastKnownFileType = folder.assetcatalog; path = Assets.xcassets; sourceTree = "<group>"; };
		17B52F2D26622CDB00F46F04 /* Base */ = {isa = PBXFileReference; lastKnownFileType = file.storyboard; name = Base; path = Base.lproj/LaunchScreen.storyboard; sourceTree = "<group>"; };
		17B52F2F26622CDB00F46F04 /* Info.plist */ = {isa = PBXFileReference; lastKnownFileType = text.plist.xml; path = Info.plist; sourceTree = "<group>"; };
		17B52F382662352E00F46F04 /* CollegeListViewController.swift */ = {isa = PBXFileReference; lastKnownFileType = sourcecode.swift; path = CollegeListViewController.swift; sourceTree = "<group>"; };
		17B52F3C2662356600F46F04 /* AddCollegeViewController.swift */ = {isa = PBXFileReference; lastKnownFileType = sourcecode.swift; path = AddCollegeViewController.swift; sourceTree = "<group>"; };
		17B52F3F266235F600F46F04 /* CollegeTableViewCell.swift */ = {isa = PBXFileReference; lastKnownFileType = sourcecode.swift; path = CollegeTableViewCell.swift; sourceTree = "<group>"; };
		17B52F442662370800F46F04 /* DataBaseHelper.swift */ = {isa = PBXFileReference; lastKnownFileType = sourcecode.swift; path = DataBaseHelper.swift; sourceTree = "<group>"; };
		17B52F4D26626DB400F46F04 /* CollegeDetailViewController.swift */ = {isa = PBXFileReference; lastKnownFileType = sourcecode.swift; path = CollegeDetailViewController.swift; sourceTree = "<group>"; };
		17B52F5126626DF800F46F04 /* Base */ = {isa = PBXFileReference; lastKnownFileType = file.storyboard; name = Base; path = "CoreDataFeatures-More/Base.lproj/College.storyboard"; sourceTree = "<group>"; };
		17B52F5C2662842100F46F04 /* StudentListViewController.swift */ = {isa = PBXFileReference; lastKnownFileType = sourcecode.swift; path = StudentListViewController.swift; sourceTree = "<group>"; };
		17B52F632662845B00F46F04 /* StudentListViewCell.swift */ = {isa = PBXFileReference; lastKnownFileType = sourcecode.swift; path = StudentListViewCell.swift; sourceTree = "<group>"; };
		17B52F672663718200F46F04 /* Base */ = {isa = PBXFileReference; lastKnownFileType = file.storyboard; name = Base; path = Storyboard/Base.lproj/Student.storyboard; sourceTree = "<group>"; };
		17B52F6C2663725300F46F04 /* AddStudentViewController.swift */ = {isa = PBXFileReference; lastKnownFileType = sourcecode.swift; path = AddStudentViewController.swift; sourceTree = "<group>"; };
/* End PBXFileReference section */

/* Begin PBXFrameworksBuildPhase section */
		17B52F1826622CD900F46F04 /* Frameworks */ = {
			isa = PBXFrameworksBuildPhase;
			buildActionMask = 2147483647;
			files = (
			);
			runOnlyForDeploymentPostprocessing = 0;
		};
/* End PBXFrameworksBuildPhase section */

/* Begin PBXGroup section */
		17B52F1226622CD900F46F04 = {
			isa = PBXGroup;
			children = (
				17B52F5A266274C500F46F04 /* Storyboard */,
				17B52F1D26622CD900F46F04 /* CoreDataFeatures-More */,
				17B52F1C26622CD900F46F04 /* Products */,
			);
			sourceTree = "<group>";
		};
		17B52F1C26622CD900F46F04 /* Products */ = {
			isa = PBXGroup;
			children = (
				17B52F1B26622CD900F46F04 /* CoreDataFeatures-More.app */,
			);
			name = Products;
			sourceTree = "<group>";
		};
		17B52F1D26622CD900F46F04 /* CoreDataFeatures-More */ = {
			isa = PBXGroup;
			children = (
				17B52F4A26623C6400F46F04 /* View */,
				17B52F37266234F700F46F04 /* ViewController */,
				17B52F48266237BB00F46F04 /* Helper */,
				17B52F1E26622CD900F46F04 /* AppDelegate.swift */,
				17B52F2026622CD900F46F04 /* SceneDelegate.swift */,
				17B52F2226622CD900F46F04 /* ViewController.swift */,
				17B52F2A26622CDB00F46F04 /* Assets.xcassets */,
				17B52F2C26622CDB00F46F04 /* LaunchScreen.storyboard */,
				17B52F2F26622CDB00F46F04 /* Info.plist */,
				17B52F2726622CD900F46F04 /* CoreDataFeatures_More.xcdatamodeld */,
			);
			path = "CoreDataFeatures-More";
			sourceTree = "<group>";
		};
		17B52F37266234F700F46F04 /* ViewController */ = {
			isa = PBXGroup;
			children = (
				17B52F5F2662842900F46F04 /* Student */,
				17B52F422662360900F46F04 /* College */,
			);
			path = ViewController;
			sourceTree = "<group>";
		};
		17B52F422662360900F46F04 /* College */ = {
			isa = PBXGroup;
			children = (
				17B52F382662352E00F46F04 /* CollegeListViewController.swift */,
				17B52F3C2662356600F46F04 /* AddCollegeViewController.swift */,
				17B52F4D26626DB400F46F04 /* CollegeDetailViewController.swift */,
			);
			path = College;
			sourceTree = "<group>";
		};
		17B52F48266237BB00F46F04 /* Helper */ = {
			isa = PBXGroup;
			children = (
				17B52F442662370800F46F04 /* DataBaseHelper.swift */,
			);
			path = Helper;
			sourceTree = "<group>";
		};
		17B52F4A26623C6400F46F04 /* View */ = {
			isa = PBXGroup;
			children = (
				17B52F4B26623C7000F46F04 /* Cell */,
			);
			path = View;
			sourceTree = "<group>";
		};
		17B52F4B26623C7000F46F04 /* Cell */ = {
			isa = PBXGroup;
			children = (
				17B52F3F266235F600F46F04 /* CollegeTableViewCell.swift */,
				17B52F632662845B00F46F04 /* StudentListViewCell.swift */,
			);
			path = Cell;
			sourceTree = "<group>";
		};
		17B52F5A266274C500F46F04 /* Storyboard */ = {
			isa = PBXGroup;
			children = (
				17B52F2426622CD900F46F04 /* Main.storyboard */,
				17B52F5026626DF800F46F04 /* College.storyboard */,
				17B52F662663718200F46F04 /* Student.storyboard */,
			);
			path = Storyboard;
			sourceTree = "<group>";
		};
		17B52F5F2662842900F46F04 /* Student */ = {
			isa = PBXGroup;
			children = (
				17B52F5C2662842100F46F04 /* StudentListViewController.swift */,
				17B52F6C2663725300F46F04 /* AddStudentViewController.swift */,
			);
			path = Student;
			sourceTree = "<group>";
		};
/* End PBXGroup section */

/* Begin PBXNativeTarget section */
		17B52F1A26622CD900F46F04 /* CoreDataFeatures-More */ = {
			isa = PBXNativeTarget;
			buildConfigurationList = 17B52F3226622CDB00F46F04 /* Build configuration list for PBXNativeTarget "CoreDataFeatures-More" */;
			buildPhases = (
				17B52F1726622CD900F46F04 /* Sources */,
				17B52F1826622CD900F46F04 /* Frameworks */,
				17B52F1926622CD900F46F04 /* Resources */,
			);
			buildRules = (
			);
			dependencies = (
			);
			name = "CoreDataFeatures-More";
			productName = "CoreDataFeatures-More";
			productReference = 17B52F1B26622CD900F46F04 /* CoreDataFeatures-More.app */;
			productType = "com.apple.product-type.application";
		};
/* End PBXNativeTarget section */

/* Begin PBXProject section */
		17B52F1326622CD900F46F04 /* Project object */ = {
			isa = PBXProject;
			attributes = {
				LastSwiftUpdateCheck = 1220;
				LastUpgradeCheck = 1220;
				TargetAttributes = {
					17B52F1A26622CD900F46F04 = {
						CreatedOnToolsVersion = 12.2;
					};
				};
			};
			buildConfigurationList = 17B52F1626622CD900F46F04 /* Build configuration list for PBXProject "CoreDataFeatures-More" */;
			compatibilityVersion = "Xcode 9.3";
			developmentRegion = en;
			hasScannedForEncodings = 0;
			knownRegions = (
				en,
				Base,
			);
			mainGroup = 17B52F1226622CD900F46F04;
			productRefGroup = 17B52F1C26622CD900F46F04 /* Products */;
			projectDirPath = "";
			projectRoot = "";
			targets = (
				17B52F1A26622CD900F46F04 /* CoreDataFeatures-More */,
			);
		};
/* End PBXProject section */

/* Begin PBXResourcesBuildPhase section */
		17B52F1926622CD900F46F04 /* Resources */ = {
			isa = PBXResourcesBuildPhase;
			buildActionMask = 2147483647;
			files = (
				17B52F5226626DF800F46F04 /* College.storyboard in Resources */,
				17B52F2E26622CDB00F46F04 /* LaunchScreen.storyboard in Resources */,
				17B52F2B26622CDB00F46F04 /* Assets.xcassets in Resources */,
				17B52F2626622CD900F46F04 /* Main.storyboard in Resources */,
				17B52F682663718200F46F04 /* Student.storyboard in Resources */,
			);
			runOnlyForDeploymentPostprocessing = 0;
		};
/* End PBXResourcesBuildPhase section */

/* Begin PBXSourcesBuildPhase section */
		17B52F1726622CD900F46F04 /* Sources */ = {
			isa = PBXSourcesBuildPhase;
			buildActionMask = 2147483647;
			files = (
				17B52F5D2662842100F46F04 /* StudentListViewController.swift in Sources */,
				17B52F2326622CD900F46F04 /* ViewController.swift in Sources */,
				17B52F1F26622CD900F46F04 /* AppDelegate.swift in Sources */,
				17B52F4E26626DB400F46F04 /* CollegeDetailViewController.swift in Sources */,
				17B52F40266235F600F46F04 /* CollegeTableViewCell.swift in Sources */,
				17B52F392662352E00F46F04 /* CollegeListViewController.swift in Sources */,
				17B52F642662845B00F46F04 /* StudentListViewCell.swift in Sources */,
				17B52F2926622CD900F46F04 /* CoreDataFeatures_More.xcdatamodeld in Sources */,
				17B52F6D2663725300F46F04 /* AddStudentViewController.swift in Sources */,
				17B52F452662370800F46F04 /* DataBaseHelper.swift in Sources */,
				17B52F3D2662356600F46F04 /* AddCollegeViewController.swift in Sources */,
				17B52F2126622CD900F46F04 /* SceneDelegate.swift in Sources */,
			);
			runOnlyForDeploymentPostprocessing = 0;
		};
/* End PBXSourcesBuildPhase section */

/* Begin PBXVariantGroup section */
		17B52F2426622CD900F46F04 /* Main.storyboard */ = {
			isa = PBXVariantGroup;
			children = (
				17B52F2526622CD900F46F04 /* Base */,
			);
			name = Main.storyboard;
			sourceTree = "<group>";
		};
		17B52F2C26622CDB00F46F04 /* LaunchScreen.storyboard */ = {
			isa = PBXVariantGroup;
			children = (
				17B52F2D26622CDB00F46F04 /* Base */,
			);
			name = LaunchScreen.storyboard;
			sourceTree = "<group>";
		};
		17B52F5026626DF800F46F04 /* College.storyboard */ = {
			isa = PBXVariantGroup;
			children = (
				17B52F5126626DF800F46F04 /* Base */,
			);
			name = College.storyboard;
			sourceTree = "<group>";
		};
		17B52F662663718200F46F04 /* Student.storyboard */ = {
			isa = PBXVariantGroup;
			children = (
				17B52F672663718200F46F04 /* Base */,
			);
			name = Student.storyboard;
			sourceTree = "<group>";
		};
/* End PBXVariantGroup section */

/* Begin XCBuildConfiguration section */
		17B52F3026622CDB00F46F04 /* Debug */ = {
			isa = XCBuildConfiguration;
			buildSettings = {
				ALWAYS_SEARCH_USER_PATHS = NO;
				CLANG_ANALYZER_NONNULL = YES;
				CLANG_ANALYZER_NUMBER_OBJECT_CONVERSION = YES_AGGRESSIVE;
				CLANG_CXX_LANGUAGE_STANDARD = "gnu++14";
				CLANG_CXX_LIBRARY = "libc++";
				CLANG_ENABLE_MODULES = YES;
				CLANG_ENABLE_OBJC_ARC = YES;
				CLANG_ENABLE_OBJC_WEAK = YES;
				CLANG_WARN_BLOCK_CAPTURE_AUTORELEASING = YES;
				CLANG_WARN_BOOL_CONVERSION = YES;
				CLANG_WARN_COMMA = YES;
				CLANG_WARN_CONSTANT_CONVERSION = YES;
				CLANG_WARN_DEPRECATED_OBJC_IMPLEMENTATIONS = YES;
				CLANG_WARN_DIRECT_OBJC_ISA_USAGE = YES_ERROR;
				CLANG_WARN_DOCUMENTATION_COMMENTS = YES;
				CLANG_WARN_EMPTY_BODY = YES;
				CLANG_WARN_ENUM_CONVERSION = YES;
				CLANG_WARN_INFINITE_RECURSION = YES;
				CLANG_WARN_INT_CONVERSION = YES;
				CLANG_WARN_NON_LITERAL_NULL_CONVERSION = YES;
				CLANG_WARN_OBJC_IMPLICIT_RETAIN_SELF = YES;
				CLANG_WARN_OBJC_LITERAL_CONVERSION = YES;
				CLANG_WARN_OBJC_ROOT_CLASS = YES_ERROR;
				CLANG_WARN_QUOTED_INCLUDE_IN_FRAMEWORK_HEADER = YES;
				CLANG_WARN_RANGE_LOOP_ANALYSIS = YES;
				CLANG_WARN_STRICT_PROTOTYPES = YES;
				CLANG_WARN_SUSPICIOUS_MOVE = YES;
				CLANG_WARN_UNGUARDED_AVAILABILITY = YES_AGGRESSIVE;
				CLANG_WARN_UNREACHABLE_CODE = YES;
				CLANG_WARN__DUPLICATE_METHOD_MATCH = YES;
				COPY_PHASE_STRIP = NO;
				DEBUG_INFORMATION_FORMAT = dwarf;
				ENABLE_STRICT_OBJC_MSGSEND = YES;
				ENABLE_TESTABILITY = YES;
				GCC_C_LANGUAGE_STANDARD = gnu11;
				GCC_DYNAMIC_NO_PIC = NO;
				GCC_NO_COMMON_BLOCKS = YES;
				GCC_OPTIMIZATION_LEVEL = 0;
				GCC_PREPROCESSOR_DEFINITIONS = (
					"DEBUG=1",
					"$(inherited)",
				);
				GCC_WARN_64_TO_32_BIT_CONVERSION = YES;
				GCC_WARN_ABOUT_RETURN_TYPE = YES_ERROR;
				GCC_WARN_UNDECLARED_SELECTOR = YES;
				GCC_WARN_UNINITIALIZED_AUTOS = YES_AGGRESSIVE;
				GCC_WARN_UNUSED_FUNCTION = YES;
				GCC_WARN_UNUSED_VARIABLE = YES;
				IPHONEOS_DEPLOYMENT_TARGET = 14.2;
				MTL_ENABLE_DEBUG_INFO = INCLUDE_SOURCE;
				MTL_FAST_MATH = YES;
				ONLY_ACTIVE_ARCH = YES;
				SDKROOT = iphoneos;
				SWIFT_ACTIVE_COMPILATION_CONDITIONS = DEBUG;
				SWIFT_OPTIMIZATION_LEVEL = "-Onone";
			};
			name = Debug;
		};
		17B52F3126622CDB00F46F04 /* Release */ = {
			isa = XCBuildConfiguration;
			buildSettings = {
				ALWAYS_SEARCH_USER_PATHS = NO;
				CLANG_ANALYZER_NONNULL = YES;
				CLANG_ANALYZER_NUMBER_OBJECT_CONVERSION = YES_AGGRESSIVE;
				CLANG_CXX_LANGUAGE_STANDARD = "gnu++14";
				CLANG_CXX_LIBRARY = "libc++";
				CLANG_ENABLE_MODULES = YES;
				CLANG_ENABLE_OBJC_ARC = YES;
				CLANG_ENABLE_OBJC_WEAK = YES;
				CLANG_WARN_BLOCK_CAPTURE_AUTORELEASING = YES;
				CLANG_WARN_BOOL_CONVERSION = YES;
				CLANG_WARN_COMMA = YES;
				CLANG_WARN_CONSTANT_CONVERSION = YES;
				CLANG_WARN_DEPRECATED_OBJC_IMPLEMENTATIONS = YES;
				CLANG_WARN_DIRECT_OBJC_ISA_USAGE = YES_ERROR;
				CLANG_WARN_DOCUMENTATION_COMMENTS = YES;
				CLANG_WARN_EMPTY_BODY = YES;
				CLANG_WARN_ENUM_CONVERSION = YES;
				CLANG_WARN_INFINITE_RECURSION = YES;
				CLANG_WARN_INT_CONVERSION = YES;
				CLANG_WARN_NON_LITERAL_NULL_CONVERSION = YES;
				CLANG_WARN_OBJC_IMPLICIT_RETAIN_SELF = YES;
				CLANG_WARN_OBJC_LITERAL_CONVERSION = YES;
				CLANG_WARN_OBJC_ROOT_CLASS = YES_ERROR;
				CLANG_WARN_QUOTED_INCLUDE_IN_FRAMEWORK_HEADER = YES;
				CLANG_WARN_RANGE_LOOP_ANALYSIS = YES;
				CLANG_WARN_STRICT_PROTOTYPES = YES;
				CLANG_WARN_SUSPICIOUS_MOVE = YES;
				CLANG_WARN_UNGUARDED_AVAILABILITY = YES_AGGRESSIVE;
				CLANG_WARN_UNREACHABLE_CODE = YES;
				CLANG_WARN__DUPLICATE_METHOD_MATCH = YES;
				COPY_PHASE_STRIP = NO;
				DEBUG_INFORMATION_FORMAT = "dwarf-with-dsym";
				ENABLE_NS_ASSERTIONS = NO;
				ENABLE_STRICT_OBJC_MSGSEND = YES;
				GCC_C_LANGUAGE_STANDARD = gnu11;
				GCC_NO_COMMON_BLOCKS = YES;
				GCC_WARN_64_TO_32_BIT_CONVERSION = YES;
				GCC_WARN_ABOUT_RETURN_TYPE = YES_ERROR;
				GCC_WARN_UNDECLARED_SELECTOR = YES;
				GCC_WARN_UNINITIALIZED_AUTOS = YES_AGGRESSIVE;
				GCC_WARN_UNUSED_FUNCTION = YES;
				GCC_WARN_UNUSED_VARIABLE = YES;
				IPHONEOS_DEPLOYMENT_TARGET = 14.2;
				MTL_ENABLE_DEBUG_INFO = NO;
				MTL_FAST_MATH = YES;
				SDKROOT = iphoneos;
				SWIFT_COMPILATION_MODE = wholemodule;
				SWIFT_OPTIMIZATION_LEVEL = "-O";
				VALIDATE_PRODUCT = YES;
			};
			name = Release;
		};
		17B52F3326622CDB00F46F04 /* Debug */ = {
			isa = XCBuildConfiguration;
			buildSettings = {
				ASSETCATALOG_COMPILER_APPICON_NAME = AppIcon;
				ASSETCATALOG_COMPILER_GLOBAL_ACCENT_COLOR_NAME = AccentColor;
				CODE_SIGN_STYLE = Automatic;
				DEVELOPMENT_TEAM = 26CSBNJ364;
				INFOPLIST_FILE = "CoreDataFeatures-More/Info.plist";
				LD_RUNPATH_SEARCH_PATHS = (
					"$(inherited)",
					"@executable_path/Frameworks",
				);
				PRODUCT_BUNDLE_IDENTIFIER = "com.rgi.customergomobile.CoreDataFeatures-More";
				PRODUCT_NAME = "$(TARGET_NAME)";
				SWIFT_VERSION = 5.0;
				TARGETED_DEVICE_FAMILY = "1,2";
			};
			name = Debug;
		};
		17B52F3426622CDB00F46F04 /* Release */ = {
			isa = XCBuildConfiguration;
			buildSettings = {
				ASSETCATALOG_COMPILER_APPICON_NAME = AppIcon;
				ASSETCATALOG_COMPILER_GLOBAL_ACCENT_COLOR_NAME = AccentColor;
				CODE_SIGN_STYLE = Automatic;
				DEVELOPMENT_TEAM = 26CSBNJ364;
				INFOPLIST_FILE = "CoreDataFeatures-More/Info.plist";
				LD_RUNPATH_SEARCH_PATHS = (
					"$(inherited)",
					"@executable_path/Frameworks",
				);
				PRODUCT_BUNDLE_IDENTIFIER = "com.rgi.customergomobile.CoreDataFeatures-More";
				PRODUCT_NAME = "$(TARGET_NAME)";
				SWIFT_VERSION = 5.0;
				TARGETED_DEVICE_FAMILY = "1,2";
			};
			name = Release;
		};
/* End XCBuildConfiguration section */

/* Begin XCConfigurationList section */
		17B52F1626622CD900F46F04 /* Build configuration list for PBXProject "CoreDataFeatures-More" */ = {
			isa = XCConfigurationList;
			buildConfigurations = (
				17B52F3026622CDB00F46F04 /* Debug */,
				17B52F3126622CDB00F46F04 /* Release */,
			);
			defaultConfigurationIsVisible = 0;
			defaultConfigurationName = Release;
		};
		17B52F3226622CDB00F46F04 /* Build configuration list for PBXNativeTarget "CoreDataFeatures-More" */ = {
			isa = XCConfigurationList;
			buildConfigurations = (
				17B52F3326622CDB00F46F04 /* Debug */,
				17B52F3426622CDB00F46F04 /* Release */,
			);
			defaultConfigurationIsVisible = 0;
			defaultConfigurationName = Release;
		};
/* End XCConfigurationList section */

/* Begin XCVersionGroup section */
		17B52F2726622CD900F46F04 /* CoreDataFeatures_More.xcdatamodeld */ = {
			isa = XCVersionGroup;
			children = (
				17B52F2826622CD900F46F04 /* CoreDataFeatures_More.xcdatamodel */,
			);
			currentVersion = 17B52F2826622CD900F46F04 /* CoreDataFeatures_More.xcdatamodel */;
			path = CoreDataFeatures_More.xcdatamodeld;
			sourceTree = "<group>";
			versionGroupType = wrapper.xcdatamodel;
		};
/* End XCVersionGroup section */
	};
	rootObject = 17B52F1326622CD900F46F04 /* Project object */;
}
